
Microsoft Visual Studio Solution File, Format Version 12.00
# Visual Studio 15
VisualStudioVersion = 15.0.28010.2046
MinimumVisualStudioVersion = 10.0.40219.1
Project("{9A19103F-16F7-4668-BE54-9A1E7A4F7556}") = "MinistryBrandsCodeTest", "MinistryBrandsCodeTest\MinistryBrandsCodeTest.csproj", "{B29C141D-7033-4AE3-A1EF-D43119EA20A8}"
EndProject
Project("{FAE04EC0-301F-11D3-BF4B-00C04F79EFBC}") = "BasicMathTest", "BasicMathTest\BasicMathTest.csproj", "{F9F4A635-AFD8-4CDA-B613-703135DD02DA}"
EndProject
Global
	GlobalSection(SolutionConfigurationPlatforms) = preSolution
		Debug|Any CPU = Debug|Any CPU
		Release|Any CPU = Release|Any CPU
	EndGlobalSection
	GlobalSection(ProjectConfigurationPlatforms) = postSolution
		{B29C141D-7033-4AE3-A1EF-D43119EA20A8}.Debug|Any CPU.ActiveCfg = Debug|Any CPU
		{B29C141D-7033-4AE3-A1EF-D43119EA20A8}.Debug|Any CPU.Build.0 = Debug|Any CPU
		{B29C141D-7033-4AE3-A1EF-D43119EA20A8}.Release|Any CPU.ActiveCfg = Release|Any CPU
		{B29C141D-7033-4AE3-A1EF-D43119EA20A8}.Release|Any CPU.Build.0 = Release|Any CPU
		{F9F4A635-AFD8-4CDA-B613-703135DD02DA}.Debug|Any CPU.ActiveCfg = Debug|Any CPU
		{F9F4A635-AFD8-4CDA-B613-703135DD02DA}.Debug|Any CPU.Build.0 = Debug|Any CPU
		{F9F4A635-AFD8-4CDA-B613-703135DD02DA}.Release|Any CPU.ActiveCfg = Release|Any CPU
		{F9F4A635-AFD8-4CDA-B613-703135DD02DA}.Release|Any CPU.Build.0 = Release|Any CPU
	EndGlobalSection
	GlobalSection(SolutionProperties) = preSolution
		HideSolutionNode = FALSE
	EndGlobalSection
	GlobalSection(ExtensibilityGlobals) = postSolution
		SolutionGuid = {0516AD64-C1B3-4215-9F7B-A512CEE4D0F6}
	EndGlobalSection
EndGlobal
